// !$*UTF8*$!
{
	archiveVersion = 1;
	classes = {
	};
	objectVersion = 77;
	objects = {

/* Begin PBXBuildFile section */
		000629F92CCD2C0200F57BD0 /* Belthy.xcdatamodeld in Sources */ = {isa = PBXBuildFile; fileRef = 000629F32CCD2C0200F57BD0 /* Belthy.xcdatamodeld */; };
		000629FA2CCD2C0200F57BD0 /* BelthyApp.swift in Sources */ = {isa = PBXBuildFile; fileRef = 000629F42CCD2C0200F57BD0 /* BelthyApp.swift */; };
		000629FB2CCD2C0200F57BD0 /* ContentView.swift in Sources */ = {isa = PBXBuildFile; fileRef = 000629F52CCD2C0200F57BD0 /* ContentView.swift */; };
		000629FC2CCD2C0200F57BD0 /* Persistence.swift in Sources */ = {isa = PBXBuildFile; fileRef = 000629F62CCD2C0200F57BD0 /* Persistence.swift */; };
		000629FD2CCD2C0200F57BD0 /* Preview Assets.xcassets in Resources */ = {isa = PBXBuildFile; fileRef = 000629F02CCD2C0200F57BD0 /* Preview Assets.xcassets */; };
		000629FE2CCD2C0200F57BD0 /* Assets.xcassets in Resources */ = {isa = PBXBuildFile; fileRef = 000629F22CCD2C0200F57BD0 /* Assets.xcassets */; };
/* End PBXBuildFile section */

/* Begin PBXContainerItemProxy section */
		000629BC2CCD22AF00F57BD0 /* PBXContainerItemProxy */ = {
			isa = PBXContainerItemProxy;
			containerPortal = 0006299E2CCD22AD00F57BD0 /* Project object */;
			proxyType = 1;
			remoteGlobalIDString = 000629A52CCD22AD00F57BD0;
			remoteInfo = Belthy;
		};
		000629C62CCD22AF00F57BD0 /* PBXContainerItemProxy */ = {
			isa = PBXContainerItemProxy;
			containerPortal = 0006299E2CCD22AD00F57BD0 /* Project object */;
			proxyType = 1;
			remoteGlobalIDString = 000629A52CCD22AD00F57BD0;
			remoteInfo = Belthy;
		};
/* End PBXContainerItemProxy section */

/* Begin PBXFileReference section */
		000629A62CCD22AD00F57BD0 /* Belthy.app */ = {isa = PBXFileReference; explicitFileType = wrapper.application; includeInIndex = 0; path = Belthy.app; sourceTree = BUILT_PRODUCTS_DIR; };
		000629BB2CCD22AF00F57BD0 /* BelthyTests.xctest */ = {isa = PBXFileReference; explicitFileType = wrapper.cfbundle; includeInIndex = 0; path = BelthyTests.xctest; sourceTree = BUILT_PRODUCTS_DIR; };
		000629C52CCD22AF00F57BD0 /* BelthyUITests.xctest */ = {isa = PBXFileReference; explicitFileType = wrapper.cfbundle; includeInIndex = 0; path = BelthyUITests.xctest; sourceTree = BUILT_PRODUCTS_DIR; };
		000629F02CCD2C0200F57BD0 /* Preview Assets.xcassets */ = {isa = PBXFileReference; lastKnownFileType = folder.assetcatalog; path = "Preview Assets.xcassets"; sourceTree = "<group>"; };
		000629F22CCD2C0200F57BD0 /* Assets.xcassets */ = {isa = PBXFileReference; lastKnownFileType = folder.assetcatalog; path = Assets.xcassets; sourceTree = "<group>"; };
		000629F42CCD2C0200F57BD0 /* BelthyApp.swift */ = {isa = PBXFileReference; lastKnownFileType = sourcecode.swift; path = BelthyApp.swift; sourceTree = "<group>"; };
		000629F52CCD2C0200F57BD0 /* ContentView.swift */ = {isa = PBXFileReference; lastKnownFileType = sourcecode.swift; path = ContentView.swift; sourceTree = "<group>"; };
		000629F62CCD2C0200F57BD0 /* Persistence.swift */ = {isa = PBXFileReference; lastKnownFileType = sourcecode.swift; path = Persistence.swift; sourceTree = "<group>"; };
		000629F82CCD2C0200F57BD0 /* Belthy.xcdatamodel */ = {isa = PBXFileReference; lastKnownFileType = wrapper.xcdatamodel; path = Belthy.xcdatamodel; sourceTree = "<group>"; };
/* End PBXFileReference section */

/* Begin PBXFileSystemSynchronizedRootGroup section */
		000629BE2CCD22AF00F57BD0 /* BelthyTests */ = {
			isa = PBXFileSystemSynchronizedRootGroup;
			path = BelthyTests;
			sourceTree = "<group>";
		};
		000629C82CCD22AF00F57BD0 /* BelthyUITests */ = {
			isa = PBXFileSystemSynchronizedRootGroup;
			path = BelthyUITests;
			sourceTree = "<group>";
		};
/* End PBXFileSystemSynchronizedRootGroup section */

/* Begin PBXFrameworksBuildPhase section */
		000629A32CCD22AD00F57BD0 /* Frameworks */ = {
			isa = PBXFrameworksBuildPhase;
			buildActionMask = 2147483647;
			files = (
			);
			runOnlyForDeploymentPostprocessing = 0;
		};
		000629B82CCD22AF00F57BD0 /* Frameworks */ = {
			isa = PBXFrameworksBuildPhase;
			buildActionMask = 2147483647;
			files = (
			);
			runOnlyForDeploymentPostprocessing = 0;
		};
		000629C22CCD22AF00F57BD0 /* Frameworks */ = {
			isa = PBXFrameworksBuildPhase;
			buildActionMask = 2147483647;
			files = (
			);
			runOnlyForDeploymentPostprocessing = 0;
		};
/* End PBXFrameworksBuildPhase section */

/* Begin PBXGroup section */
		0006299D2CCD22AD00F57BD0 = {
			isa = PBXGroup;
			children = (
				000629F72CCD2C0200F57BD0 /* Belthy */,
				000629BE2CCD22AF00F57BD0 /* BelthyTests */,
				000629C82CCD22AF00F57BD0 /* BelthyUITests */,
				000629A72CCD22AD00F57BD0 /* Products */,
			);
			sourceTree = "<group>";
		};
		000629A72CCD22AD00F57BD0 /* Products */ = {
			isa = PBXGroup;
			children = (
				000629A62CCD22AD00F57BD0 /* Belthy.app */,
				000629BB2CCD22AF00F57BD0 /* BelthyTests.xctest */,
				000629C52CCD22AF00F57BD0 /* BelthyUITests.xctest */,
			);
			name = Products;
			sourceTree = "<group>";
		};
		000629F12CCD2C0200F57BD0 /* Preview Content */ = {
			isa = PBXGroup;
			children = (
				000629F02CCD2C0200F57BD0 /* Preview Assets.xcassets */,
			);
			path = "Preview Content";
			sourceTree = "<group>";
		};
		000629F72CCD2C0200F57BD0 /* Belthy */ = {
			isa = PBXGroup;
			children = (
				00062A052CCD2C5500F57BD0 /* Resources */,
				00062A042CCD2C4C00F57BD0 /* Utils */,
				00062A032CCD2C4000F57BD0 /* Services */,
				00062A022CCD2C2C00F57BD0 /* ViewModels */,
				00062A012CCD2C2000F57BD0 /* Views */,
				00062A002CCD2C1300F57BD0 /* Models */,
				000629FF2CCD2C0900F57BD0 /* App */,
				000629F12CCD2C0200F57BD0 /* Preview Content */,
			);
			path = Belthy;
			sourceTree = "<group>";
		};
		000629FF2CCD2C0900F57BD0 /* App */ = {
			isa = PBXGroup;
			children = (
				000629F42CCD2C0200F57BD0 /* BelthyApp.swift */,
			);
			path = App;
			sourceTree = "<group>";
		};
		00062A002CCD2C1300F57BD0 /* Models */ = {
			isa = PBXGroup;
			children = (
				000629F32CCD2C0200F57BD0 /* Belthy.xcdatamodeld */,
			);
			path = Models;
			sourceTree = "<group>";
		};
		00062A012CCD2C2000F57BD0 /* Views */ = {
			isa = PBXGroup;
			children = (
				000629F52CCD2C0200F57BD0 /* ContentView.swift */,
			);
			path = Views;
			sourceTree = "<group>";
		};
		00062A022CCD2C2C00F57BD0 /* ViewModels */ = {
			isa = PBXGroup;
			children = (
			);
			path = ViewModels;
			sourceTree = "<group>";
		};
		00062A032CCD2C4000F57BD0 /* Services */ = {
			isa = PBXGroup;
			children = (
				000629F62CCD2C0200F57BD0 /* Persistence.swift */,
			);
			path = Services;
			sourceTree = "<group>";
		};
		00062A042CCD2C4C00F57BD0 /* Utils */ = {
			isa = PBXGroup;
			children = (
			);
			path = Utils;
			sourceTree = "<group>";
		};
		00062A052CCD2C5500F57BD0 /* Resources */ = {
			isa = PBXGroup;
			children = (
				000629F22CCD2C0200F57BD0 /* Assets.xcassets */,
			);
			path = Resources;
			sourceTree = "<group>";
		};
/* End PBXGroup section */

/* Begin PBXNativeTarget section */
		000629A52CCD22AD00F57BD0 /* Belthy */ = {
			isa = PBXNativeTarget;
			buildConfigurationList = 000629CF2CCD22AF00F57BD0 /* Build configuration list for PBXNativeTarget "Belthy" */;
			buildPhases = (
				000629A22CCD22AD00F57BD0 /* Sources */,
				000629A32CCD22AD00F57BD0 /* Frameworks */,
				000629A42CCD22AD00F57BD0 /* Resources */,
			);
			buildRules = (
			);
			dependencies = (
			);
			name = Belthy;
			packageProductDependencies = (
			);
			productName = Belthy;
			productReference = 000629A62CCD22AD00F57BD0 /* Belthy.app */;
			productType = "com.apple.product-type.application";
		};
		000629BA2CCD22AF00F57BD0 /* BelthyTests */ = {
			isa = PBXNativeTarget;
			buildConfigurationList = 000629D22CCD22AF00F57BD0 /* Build configuration list for PBXNativeTarget "BelthyTests" */;
			buildPhases = (
				000629B72CCD22AF00F57BD0 /* Sources */,
				000629B82CCD22AF00F57BD0 /* Frameworks */,
				000629B92CCD22AF00F57BD0 /* Resources */,
			);
			buildRules = (
			);
			dependencies = (
				000629BD2CCD22AF00F57BD0 /* PBXTargetDependency */,
			);
			fileSystemSynchronizedGroups = (
				000629BE2CCD22AF00F57BD0 /* BelthyTests */,
			);
			name = BelthyTests;
			packageProductDependencies = (
			);
			productName = BelthyTests;
			productReference = 000629BB2CCD22AF00F57BD0 /* BelthyTests.xctest */;
			productType = "com.apple.product-type.bundle.unit-test";
		};
		000629C42CCD22AF00F57BD0 /* BelthyUITests */ = {
			isa = PBXNativeTarget;
			buildConfigurationList = 000629D52CCD22AF00F57BD0 /* Build configuration list for PBXNativeTarget "BelthyUITests" */;
			buildPhases = (
				000629C12CCD22AF00F57BD0 /* Sources */,
				000629C22CCD22AF00F57BD0 /* Frameworks */,
				000629C32CCD22AF00F57BD0 /* Resources */,
			);
			buildRules = (
			);
			dependencies = (
				000629C72CCD22AF00F57BD0 /* PBXTargetDependency */,
			);
			fileSystemSynchronizedGroups = (
				000629C82CCD22AF00F57BD0 /* BelthyUITests */,
			);
			name = BelthyUITests;
			packageProductDependencies = (
			);
			productName = BelthyUITests;
			productReference = 000629C52CCD22AF00F57BD0 /* BelthyUITests.xctest */;
			productType = "com.apple.product-type.bundle.ui-testing";
		};
/* End PBXNativeTarget section */

/* Begin PBXProject section */
		0006299E2CCD22AD00F57BD0 /* Project object */ = {
			isa = PBXProject;
			attributes = {
				BuildIndependentTargetsInParallel = 1;
				LastSwiftUpdateCheck = 1600;
				LastUpgradeCheck = 1600;
				TargetAttributes = {
					000629A52CCD22AD00F57BD0 = {
						CreatedOnToolsVersion = 16.0;
					};
					000629BA2CCD22AF00F57BD0 = {
						CreatedOnToolsVersion = 16.0;
						TestTargetID = 000629A52CCD22AD00F57BD0;
					};
					000629C42CCD22AF00F57BD0 = {
						CreatedOnToolsVersion = 16.0;
						TestTargetID = 000629A52CCD22AD00F57BD0;
					};
				};
			};
			buildConfigurationList = 000629A12CCD22AD00F57BD0 /* Build configuration list for PBXProject "Belthy" */;
			developmentRegion = en;
			hasScannedForEncodings = 0;
			knownRegions = (
				en,
				Base,
			);
			mainGroup = 0006299D2CCD22AD00F57BD0;
			minimizedProjectReferenceProxies = 1;
			preferredProjectObjectVersion = 77;
			productRefGroup = 000629A72CCD22AD00F57BD0 /* Products */;
			projectDirPath = "";
			projectRoot = "";
			targets = (
				000629A52CCD22AD00F57BD0 /* Belthy */,
				000629BA2CCD22AF00F57BD0 /* BelthyTests */,
				000629C42CCD22AF00F57BD0 /* BelthyUITests */,
			);
		};
/* End PBXProject section */

/* Begin PBXResourcesBuildPhase section */
		000629A42CCD22AD00F57BD0 /* Resources */ = {
			isa = PBXResourcesBuildPhase;
			buildActionMask = 2147483647;
			files = (
				000629FD2CCD2C0200F57BD0 /* Preview Assets.xcassets in Resources */,
				000629FE2CCD2C0200F57BD0 /* Assets.xcassets in Resources */,
			);
			runOnlyForDeploymentPostprocessing = 0;
		};
		000629B92CCD22AF00F57BD0 /* Resources */ = {
			isa = PBXResourcesBuildPhase;
			buildActionMask = 2147483647;
			files = (
			);
			runOnlyForDeploymentPostprocessing = 0;
		};
		000629C32CCD22AF00F57BD0 /* Resources */ = {
			isa = PBXResourcesBuildPhase;
			buildActionMask = 2147483647;
			files = (
			);
			runOnlyForDeploymentPostprocessing = 0;
		};
/* End PBXResourcesBuildPhase section */

/* Begin PBXSourcesBuildPhase section */
		000629A22CCD22AD00F57BD0 /* Sources */ = {
			isa = PBXSourcesBuildPhase;
			buildActionMask = 2147483647;
			files = (
				000629F92CCD2C0200F57BD0 /* Belthy.xcdatamodeld in Sources */,
				000629FA2CCD2C0200F57BD0 /* BelthyApp.swift in Sources */,
				000629FB2CCD2C0200F57BD0 /* ContentView.swift in Sources */,
				000629FC2CCD2C0200F57BD0 /* Persistence.swift in Sources */,
			);
			runOnlyForDeploymentPostprocessing = 0;
		};
		000629B72CCD22AF00F57BD0 /* Sources */ = {
			isa = PBXSourcesBuildPhase;
			buildActionMask = 2147483647;
			files = (
			);
			runOnlyForDeploymentPostprocessing = 0;
		};
		000629C12CCD22AF00F57BD0 /* Sources */ = {
			isa = PBXSourcesBuildPhase;
			buildActionMask = 2147483647;
			files = (
			);
			runOnlyForDeploymentPostprocessing = 0;
		};
/* End PBXSourcesBuildPhase section */

/* Begin PBXTargetDependency section */
		000629BD2CCD22AF00F57BD0 /* PBXTargetDependency */ = {
			isa = PBXTargetDependency;
			target = 000629A52CCD22AD00F57BD0 /* Belthy */;
			targetProxy = 000629BC2CCD22AF00F57BD0 /* PBXContainerItemProxy */;
		};
		000629C72CCD22AF00F57BD0 /* PBXTargetDependency */ = {
			isa = PBXTargetDependency;
			target = 000629A52CCD22AD00F57BD0 /* Belthy */;
			targetProxy = 000629C62CCD22AF00F57BD0 /* PBXContainerItemProxy */;
		};
/* End PBXTargetDependency section */

/* Begin XCBuildConfiguration section */
		000629CD2CCD22AF00F57BD0 /* Debug */ = {
			isa = XCBuildConfiguration;
			buildSettings = {
				ALWAYS_SEARCH_USER_PATHS = NO;
				ASSETCATALOG_COMPILER_GENERATE_SWIFT_ASSET_SYMBOL_EXTENSIONS = YES;
				CLANG_ANALYZER_NONNULL = YES;
				CLANG_ANALYZER_NUMBER_OBJECT_CONVERSION = YES_AGGRESSIVE;
				CLANG_CXX_LANGUAGE_STANDARD = "gnu++20";
				CLANG_ENABLE_MODULES = YES;
				CLANG_ENABLE_OBJC_ARC = YES;
				CLANG_ENABLE_OBJC_WEAK = YES;
				CLANG_WARN_BLOCK_CAPTURE_AUTORELEASING = YES;
				CLANG_WARN_BOOL_CONVERSION = YES;
				CLANG_WARN_COMMA = YES;
				CLANG_WARN_CONSTANT_CONVERSION = YES;
				CLANG_WARN_DEPRECATED_OBJC_IMPLEMENTATIONS = YES;
				CLANG_WARN_DIRECT_OBJC_ISA_USAGE = YES_ERROR;
				CLANG_WARN_DOCUMENTATION_COMMENTS = YES;
				CLANG_WARN_EMPTY_BODY = YES;
				CLANG_WARN_ENUM_CONVERSION = YES;
				CLANG_WARN_INFINITE_RECURSION = YES;
				CLANG_WARN_INT_CONVERSION = YES;
				CLANG_WARN_NON_LITERAL_NULL_CONVERSION = YES;
				CLANG_WARN_OBJC_IMPLICIT_RETAIN_SELF = YES;
				CLANG_WARN_OBJC_LITERAL_CONVERSION = YES;
				CLANG_WARN_OBJC_ROOT_CLASS = YES_ERROR;
				CLANG_WARN_QUOTED_INCLUDE_IN_FRAMEWORK_HEADER = YES;
				CLANG_WARN_RANGE_LOOP_ANALYSIS = YES;
				CLANG_WARN_STRICT_PROTOTYPES = YES;
				CLANG_WARN_SUSPICIOUS_MOVE = YES;
				CLANG_WARN_UNGUARDED_AVAILABILITY = YES_AGGRESSIVE;
				CLANG_WARN_UNREACHABLE_CODE = YES;
				CLANG_WARN__DUPLICATE_METHOD_MATCH = YES;
				COPY_PHASE_STRIP = NO;
				DEBUG_INFORMATION_FORMAT = dwarf;
				ENABLE_STRICT_OBJC_MSGSEND = YES;
				ENABLE_TESTABILITY = YES;
				ENABLE_USER_SCRIPT_SANDBOXING = YES;
				GCC_C_LANGUAGE_STANDARD = gnu17;
				GCC_DYNAMIC_NO_PIC = NO;
				GCC_NO_COMMON_BLOCKS = YES;
				GCC_OPTIMIZATION_LEVEL = 0;
				GCC_PREPROCESSOR_DEFINITIONS = (
					"DEBUG=1",
					"$(inherited)",
				);
				GCC_WARN_64_TO_32_BIT_CONVERSION = YES;
				GCC_WARN_ABOUT_RETURN_TYPE = YES_ERROR;
				GCC_WARN_UNDECLARED_SELECTOR = YES;
				GCC_WARN_UNINITIALIZED_AUTOS = YES_AGGRESSIVE;
				GCC_WARN_UNUSED_FUNCTION = YES;
				GCC_WARN_UNUSED_VARIABLE = YES;
				IPHONEOS_DEPLOYMENT_TARGET = 18.0;
				LOCALIZATION_PREFERS_STRING_CATALOGS = YES;
				MTL_ENABLE_DEBUG_INFO = INCLUDE_SOURCE;
				MTL_FAST_MATH = YES;
				ONLY_ACTIVE_ARCH = YES;
				SDKROOT = iphoneos;
				SWIFT_ACTIVE_COMPILATION_CONDITIONS = "DEBUG $(inherited)";
				SWIFT_OPTIMIZATION_LEVEL = "-Onone";
			};
			name = Debug;
		};
		000629CE2CCD22AF00F57BD0 /* Release */ = {
			isa = XCBuildConfiguration;
			buildSettings = {
				ALWAYS_SEARCH_USER_PATHS = NO;
				ASSETCATALOG_COMPILER_GENERATE_SWIFT_ASSET_SYMBOL_EXTENSIONS = YES;
				CLANG_ANALYZER_NONNULL = YES;
				CLANG_ANALYZER_NUMBER_OBJECT_CONVERSION = YES_AGGRESSIVE;
				CLANG_CXX_LANGUAGE_STANDARD = "gnu++20";
				CLANG_ENABLE_MODULES = YES;
				CLANG_ENABLE_OBJC_ARC = YES;
				CLANG_ENABLE_OBJC_WEAK = YES;
				CLANG_WARN_BLOCK_CAPTURE_AUTORELEASING = YES;
				CLANG_WARN_BOOL_CONVERSION = YES;
				CLANG_WARN_COMMA = YES;
				CLANG_WARN_CONSTANT_CONVERSION = YES;
				CLANG_WARN_DEPRECATED_OBJC_IMPLEMENTATIONS = YES;
				CLANG_WARN_DIRECT_OBJC_ISA_USAGE = YES_ERROR;
				CLANG_WARN_DOCUMENTATION_COMMENTS = YES;
				CLANG_WARN_EMPTY_BODY = YES;
				CLANG_WARN_ENUM_CONVERSION = YES;
				CLANG_WARN_INFINITE_RECURSION = YES;
				CLANG_WARN_INT_CONVERSION = YES;
				CLANG_WARN_NON_LITERAL_NULL_CONVERSION = YES;
				CLANG_WARN_OBJC_IMPLICIT_RETAIN_SELF = YES;
				CLANG_WARN_OBJC_LITERAL_CONVERSION = YES;
				CLANG_WARN_OBJC_ROOT_CLASS = YES_ERROR;
				CLANG_WARN_QUOTED_INCLUDE_IN_FRAMEWORK_HEADER = YES;
				CLANG_WARN_RANGE_LOOP_ANALYSIS = YES;
				CLANG_WARN_STRICT_PROTOTYPES = YES;
				CLANG_WARN_SUSPICIOUS_MOVE = YES;
				CLANG_WARN_UNGUARDED_AVAILABILITY = YES_AGGRESSIVE;
				CLANG_WARN_UNREACHABLE_CODE = YES;
				CLANG_WARN__DUPLICATE_METHOD_MATCH = YES;
				COPY_PHASE_STRIP = NO;
				DEBUG_INFORMATION_FORMAT = "dwarf-with-dsym";
				ENABLE_NS_ASSERTIONS = NO;
				ENABLE_STRICT_OBJC_MSGSEND = YES;
				ENABLE_USER_SCRIPT_SANDBOXING = YES;
				GCC_C_LANGUAGE_STANDARD = gnu17;
				GCC_NO_COMMON_BLOCKS = YES;
				GCC_WARN_64_TO_32_BIT_CONVERSION = YES;
				GCC_WARN_ABOUT_RETURN_TYPE = YES_ERROR;
				GCC_WARN_UNDECLARED_SELECTOR = YES;
				GCC_WARN_UNINITIALIZED_AUTOS = YES_AGGRESSIVE;
				GCC_WARN_UNUSED_FUNCTION = YES;
				GCC_WARN_UNUSED_VARIABLE = YES;
				IPHONEOS_DEPLOYMENT_TARGET = 18.0;
				LOCALIZATION_PREFERS_STRING_CATALOGS = YES;
				MTL_ENABLE_DEBUG_INFO = NO;
				MTL_FAST_MATH = YES;
				SDKROOT = iphoneos;
				SWIFT_COMPILATION_MODE = wholemodule;
				VALIDATE_PRODUCT = YES;
			};
			name = Release;
		};
		000629D02CCD22AF00F57BD0 /* Debug */ = {
			isa = XCBuildConfiguration;
			buildSettings = {
				ASSETCATALOG_COMPILER_APPICON_NAME = AppIcon;
				ASSETCATALOG_COMPILER_GLOBAL_ACCENT_COLOR_NAME = AccentColor;
				CODE_SIGN_STYLE = Automatic;
				CURRENT_PROJECT_VERSION = 1;
				DEVELOPMENT_ASSET_PATHS = "\"Belthy/Preview Content\"";
				DEVELOPMENT_TEAM = 4LFT68A7T5;
				ENABLE_PREVIEWS = YES;
				GENERATE_INFOPLIST_FILE = YES;
				INFOPLIST_KEY_UIApplicationSceneManifest_Generation = YES;
				INFOPLIST_KEY_UIApplicationSupportsIndirectInputEvents = YES;
				INFOPLIST_KEY_UILaunchScreen_Generation = YES;
				INFOPLIST_KEY_UISupportedInterfaceOrientations_iPad = "UIInterfaceOrientationPortrait UIInterfaceOrientationPortraitUpsideDown UIInterfaceOrientationLandscapeLeft UIInterfaceOrientationLandscapeRight";
				INFOPLIST_KEY_UISupportedInterfaceOrientations_iPhone = "UIInterfaceOrientationPortrait UIInterfaceOrientationLandscapeLeft UIInterfaceOrientationLandscapeRight";
				LD_RUNPATH_SEARCH_PATHS = (
					"$(inherited)",
					"@executable_path/Frameworks",
				);
				MARKETING_VERSION = 1.0;
				PRODUCT_BUNDLE_IDENTIFIER = com.dbkarashev.Belthy;
				PRODUCT_NAME = "$(TARGET_NAME)";
				SWIFT_EMIT_LOC_STRINGS = YES;
				SWIFT_VERSION = 5.0;
				TARGETED_DEVICE_FAMILY = "1,2";
			};
			name = Debug;
		};
		000629D12CCD22AF00F57BD0 /* Release */ = {
			isa = XCBuildConfiguration;
			buildSettings = {
				ASSETCATALOG_COMPILER_APPICON_NAME = AppIcon;
				ASSETCATALOG_COMPILER_GLOBAL_ACCENT_COLOR_NAME = AccentColor;
				CODE_SIGN_STYLE = Automatic;
				CURRENT_PROJECT_VERSION = 1;
				DEVELOPMENT_ASSET_PATHS = "\"Belthy/Preview Content\"";
				DEVELOPMENT_TEAM = 4LFT68A7T5;
				ENABLE_PREVIEWS = YES;
				GENERATE_INFOPLIST_FILE = YES;
				INFOPLIST_KEY_UIApplicationSceneManifest_Generation = YES;
				INFOPLIST_KEY_UIApplicationSupportsIndirectInputEvents = YES;
				INFOPLIST_KEY_UILaunchScreen_Generation = YES;
				INFOPLIST_KEY_UISupportedInterfaceOrientations_iPad = "UIInterfaceOrientationPortrait UIInterfaceOrientationPortraitUpsideDown UIInterfaceOrientationLandscapeLeft UIInterfaceOrientationLandscapeRight";
				INFOPLIST_KEY_UISupportedInterfaceOrientations_iPhone = "UIInterfaceOrientationPortrait UIInterfaceOrientationLandscapeLeft UIInterfaceOrientationLandscapeRight";
				LD_RUNPATH_SEARCH_PATHS = (
					"$(inherited)",
					"@executable_path/Frameworks",
				);
				MARKETING_VERSION = 1.0;
				PRODUCT_BUNDLE_IDENTIFIER = com.dbkarashev.Belthy;
				PRODUCT_NAME = "$(TARGET_NAME)";
				SWIFT_EMIT_LOC_STRINGS = YES;
				SWIFT_VERSION = 5.0;
				TARGETED_DEVICE_FAMILY = "1,2";
			};
			name = Release;
		};
		000629D32CCD22AF00F57BD0 /* Debug */ = {
			isa = XCBuildConfiguration;
			buildSettings = {
				BUNDLE_LOADER = "$(TEST_HOST)";
				CODE_SIGN_STYLE = Automatic;
				CURRENT_PROJECT_VERSION = 1;
				DEVELOPMENT_TEAM = 4LFT68A7T5;
				GENERATE_INFOPLIST_FILE = YES;
				IPHONEOS_DEPLOYMENT_TARGET = 18.0;
				MARKETING_VERSION = 1.0;
				PRODUCT_BUNDLE_IDENTIFIER = com.dbkarashev.BelthyTests;
				PRODUCT_NAME = "$(TARGET_NAME)";
				SWIFT_EMIT_LOC_STRINGS = NO;
				SWIFT_VERSION = 5.0;
				TARGETED_DEVICE_FAMILY = "1,2";
				TEST_HOST = "$(BUILT_PRODUCTS_DIR)/Belthy.app/$(BUNDLE_EXECUTABLE_FOLDER_PATH)/Belthy";
			};
			name = Debug;
		};
		000629D42CCD22AF00F57BD0 /* Release */ = {
			isa = XCBuildConfiguration;
			buildSettings = {
				BUNDLE_LOADER = "$(TEST_HOST)";
				CODE_SIGN_STYLE = Automatic;
				CURRENT_PROJECT_VERSION = 1;
				DEVELOPMENT_TEAM = 4LFT68A7T5;
				GENERATE_INFOPLIST_FILE = YES;
				IPHONEOS_DEPLOYMENT_TARGET = 18.0;
				MARKETING_VERSION = 1.0;
				PRODUCT_BUNDLE_IDENTIFIER = com.dbkarashev.BelthyTests;
				PRODUCT_NAME = "$(TARGET_NAME)";
				SWIFT_EMIT_LOC_STRINGS = NO;
				SWIFT_VERSION = 5.0;
				TARGETED_DEVICE_FAMILY = "1,2";
				TEST_HOST = "$(BUILT_PRODUCTS_DIR)/Belthy.app/$(BUNDLE_EXECUTABLE_FOLDER_PATH)/Belthy";
			};
			name = Release;
		};
		000629D62CCD22AF00F57BD0 /* Debug */ = {
			isa = XCBuildConfiguration;
			buildSettings = {
				CODE_SIGN_STYLE = Automatic;
				CURRENT_PROJECT_VERSION = 1;
				DEVELOPMENT_TEAM = 4LFT68A7T5;
				GENERATE_INFOPLIST_FILE = YES;
				MARKETING_VERSION = 1.0;
				PRODUCT_BUNDLE_IDENTIFIER = com.dbkarashev.BelthyUITests;
				PRODUCT_NAME = "$(TARGET_NAME)";
				SWIFT_EMIT_LOC_STRINGS = NO;
				SWIFT_VERSION = 5.0;
				TARGETED_DEVICE_FAMILY = "1,2";
				TEST_TARGET_NAME = Belthy;
			};
			name = Debug;
		};
		000629D72CCD22AF00F57BD0 /* Release */ = {
			isa = XCBuildConfiguration;
			buildSettings = {
				CODE_SIGN_STYLE = Automatic;
				CURRENT_PROJECT_VERSION = 1;
				DEVELOPMENT_TEAM = 4LFT68A7T5;
				GENERATE_INFOPLIST_FILE = YES;
				MARKETING_VERSION = 1.0;
				PRODUCT_BUNDLE_IDENTIFIER = com.dbkarashev.BelthyUITests;
				PRODUCT_NAME = "$(TARGET_NAME)";
				SWIFT_EMIT_LOC_STRINGS = NO;
				SWIFT_VERSION = 5.0;
				TARGETED_DEVICE_FAMILY = "1,2";
				TEST_TARGET_NAME = Belthy;
			};
			name = Release;
		};
/* End XCBuildConfiguration section */

/* Begin XCConfigurationList section */
		000629A12CCD22AD00F57BD0 /* Build configuration list for PBXProject "Belthy" */ = {
			isa = XCConfigurationList;
			buildConfigurations = (
				000629CD2CCD22AF00F57BD0 /* Debug */,
				000629CE2CCD22AF00F57BD0 /* Release */,
			);
			defaultConfigurationIsVisible = 0;
			defaultConfigurationName = Release;
		};
		000629CF2CCD22AF00F57BD0 /* Build configuration list for PBXNativeTarget "Belthy" */ = {
			isa = XCConfigurationList;
			buildConfigurations = (
				000629D02CCD22AF00F57BD0 /* Debug */,
				000629D12CCD22AF00F57BD0 /* Release */,
			);
			defaultConfigurationIsVisible = 0;
			defaultConfigurationName = Release;
		};
		000629D22CCD22AF00F57BD0 /* Build configuration list for PBXNativeTarget "BelthyTests" */ = {
			isa = XCConfigurationList;
			buildConfigurations = (
				000629D32CCD22AF00F57BD0 /* Debug */,
				000629D42CCD22AF00F57BD0 /* Release */,
			);
			defaultConfigurationIsVisible = 0;
			defaultConfigurationName = Release;
		};
		000629D52CCD22AF00F57BD0 /* Build configuration list for PBXNativeTarget "BelthyUITests" */ = {
			isa = XCConfigurationList;
			buildConfigurations = (
				000629D62CCD22AF00F57BD0 /* Debug */,
				000629D72CCD22AF00F57BD0 /* Release */,
			);
			defaultConfigurationIsVisible = 0;
			defaultConfigurationName = Release;
		};
/* End XCConfigurationList section */

/* Begin XCVersionGroup section */
		000629F32CCD2C0200F57BD0 /* Belthy.xcdatamodeld */ = {
			isa = XCVersionGroup;
			children = (
				000629F82CCD2C0200F57BD0 /* Belthy.xcdatamodel */,
			);
			currentVersion = 000629F82CCD2C0200F57BD0 /* Belthy.xcdatamodel */;
			path = Belthy.xcdatamodeld;
			sourceTree = "<group>";
			versionGroupType = wrapper.xcdatamodel;
		};
/* End XCVersionGroup section */
	};
	rootObject = 0006299E2CCD22AD00F57BD0 /* Project object */;
}
